
Microsoft Visual Studio Solution File, Format Version 12.00
# Visual Studio Version 17
VisualStudioVersion = 17.9.34701.34
MinimumVisualStudioVersion = 10.0.40219.1
Project("{FAE04EC0-301F-11D3-BF4B-00C04F79EFBC}") = "TestInjectionService", "TestInjectionService.csproj", "{BD0CE5E9-254C-4BD9-A3B2-19730F110989}"
EndProject
Global
	GlobalSection(SolutionConfigurationPlatforms) = preSolution
		Debug|Any CPU = Debug|Any CPU
		Release|Any CPU = Release|Any CPU
	EndGlobalSection
	GlobalSection(ProjectConfigurationPlatforms) = postSolution
		{BD0CE5E9-254C-4BD9-A3B2-19730F110989}.Debug|Any CPU.ActiveCfg = Debug|Any CPU
		{BD0CE5E9-254C-4BD9-A3B2-19730F110989}.Debug|Any CPU.Build.0 = Debug|Any CPU
		{BD0CE5E9-254C-4BD9-A3B2-19730F110989}.Release|Any CPU.ActiveCfg = Release|Any CPU
		{BD0CE5E9-254C-4BD9-A3B2-19730F110989}.Release|Any CPU.Build.0 = Release|Any CPU
	EndGlobalSection
	GlobalSection(SolutionProperties) = preSolution
		HideSolutionNode = FALSE
	EndGlobalSection
	GlobalSection(ExtensibilityGlobals) = postSolution
		SolutionGuid = {E5FCF563-9C5B-4C1A-87C1-9759EDD1FC21}
	EndGlobalSection
EndGlobal
